# Fully-pinned dependency set (direct + transitive) for Python 3.11.
# Generated with `pip freeze` inside a clean .venv after installing requirements.txt.
#
# ⚠️ PLATFORM-SPECIFIC: this file was generated on Windows. Some deps resolve
# differently per-OS — e.g. uvicorn[standard] pulls uvloop/httptools/watchfiles
# on Linux, which have no Windows wheels and are therefore ABSENT here. For a
# reproducible install on the Linux deploy target, regenerate this file there.
#
# requirements.txt  = human-maintained DIRECT dependencies (edit this to add/upgrade).
# requirements.lock = exact resolution for THIS platform (this file). Regenerate:
#   python -m venv .venv
#   .venv/bin/pip install -r requirements.txt        # (Windows: .venv/Scripts/pip)
#   .venv/bin/pip freeze --exclude-editable > requirements.lock
alembic==1.13.1
amqp==5.3.1
annotated-doc==0.0.4
annotated-types==0.8.0
anyio==4.14.2
async-timeout==5.0.1
asyncpg==0.29.0
bcrypt==4.0.1
billiard==4.2.4
boto3==1.34.101
botocore==1.34.162
celery==5.4.0
certifi==2026.7.22
cffi==2.1.0
click==8.4.2
click-didyoumean==0.3.1
click-plugins==1.1.1.2
click-repl==0.3.0
colorama==0.4.6
cryptography==49.0.0
Deprecated==1.3.1
dnspython==2.8.0
ecdsa==0.19.2
email-validator==2.3.0
fastapi==0.111.0
fastapi-cli==0.0.32
greenlet==3.5.4
h11==0.16.0
httpcore==1.0.9
httptools==0.8.0
httpx==0.27.0
idna==3.18
iniconfig==2.3.0
Jinja2==3.1.6
jmespath==1.1.0
kombu==5.6.2
limits==5.8.0
Mako==1.3.12
markdown-it-py==4.2.0
MarkupSafe==3.0.3
mdurl==0.1.2
motor==3.4.0
orjson==3.11.9
packaging==26.2
passlib==1.7.4
pillow==10.3.0
pluggy==1.6.0
prompt_toolkit==3.0.52
pyasn1==0.6.4
pycparser==3.0
pydantic==2.7.1
pydantic-settings==2.2.1
pydantic_core==2.18.2
Pygments==2.20.0
pymongo==4.6.3
pytest==8.2.1
pytest-asyncio==0.23.7
python-dateutil==2.9.0.post0
python-dotenv==1.2.2
python-jose==3.3.0
python-json-logger==2.0.7
python-multipart==0.0.9
PyYAML==6.0.3
redis==5.0.4
rich==15.0.0
rich-toolkit==0.20.3
rsa==4.9.1
s3transfer==0.10.4
shellingham==1.5.4
six==1.17.0
slowapi==0.1.9
sniffio==1.3.1
SQLAlchemy==2.0.30
starlette==0.37.2
typer==0.27.0
typing_extensions==4.16.0
tzdata==2026.3
ujson==5.13.0
urllib3==2.7.0
uvicorn==0.29.0
vine==5.1.0
watchfiles==1.2.0
wcwidth==0.8.2
websockets==16.1.1
wrapt==2.2.2
